
Microsoft Visual Studio Solution File, Format Version 12.00
# Visual Studio 15
VisualStudioVersion = 15.0.26124.0
MinimumVisualStudioVersion = 15.0.26124.0
Project("{FAE04EC0-301F-11D3-BF4B-00C04F79EFBC}") = "ecoupon.api", "ecoupon.api\ecoupon.api.csproj", "{DC80EB20-088B-4852-B705-30CABD951D4A}"
EndProject
Project("{FAE04EC0-301F-11D3-BF4B-00C04F79EFBC}") = "ecoupon.data", "ecoupon.data\ecoupon.data.csproj", "{5BF75587-90BC-49E7-99D9-5A8E2456DD8D}"
EndProject
Project("{FAE04EC0-301F-11D3-BF4B-00C04F79EFBC}") = "ecoupon.models", "ecoupon.models\ecoupon.models.csproj", "{9A182E72-70B5-48F1-9DE0-DEE12075797C}"
EndProject
Global
	GlobalSection(SolutionConfigurationPlatforms) = preSolution
		Debug|Any CPU = Debug|Any CPU
		Debug|x64 = Debug|x64
		Debug|x86 = Debug|x86
		Release|Any CPU = Release|Any CPU
		Release|x64 = Release|x64
		Release|x86 = Release|x86
	EndGlobalSection
	GlobalSection(SolutionProperties) = preSolution
		HideSolutionNode = FALSE
	EndGlobalSection
	GlobalSection(ProjectConfigurationPlatforms) = postSolution
		{DC80EB20-088B-4852-B705-30CABD951D4A}.Debug|Any CPU.ActiveCfg = Debug|Any CPU
		{DC80EB20-088B-4852-B705-30CABD951D4A}.Debug|Any CPU.Build.0 = Debug|Any CPU
		{DC80EB20-088B-4852-B705-30CABD951D4A}.Debug|x64.ActiveCfg = Debug|Any CPU
		{DC80EB20-088B-4852-B705-30CABD951D4A}.Debug|x64.Build.0 = Debug|Any CPU
		{DC80EB20-088B-4852-B705-30CABD951D4A}.Debug|x86.ActiveCfg = Debug|Any CPU
		{DC80EB20-088B-4852-B705-30CABD951D4A}.Debug|x86.Build.0 = Debug|Any CPU
		{DC80EB20-088B-4852-B705-30CABD951D4A}.Release|Any CPU.ActiveCfg = Release|Any CPU
		{DC80EB20-088B-4852-B705-30CABD951D4A}.Release|Any CPU.Build.0 = Release|Any CPU
		{DC80EB20-088B-4852-B705-30CABD951D4A}.Release|x64.ActiveCfg = Release|Any CPU
		{DC80EB20-088B-4852-B705-30CABD951D4A}.Release|x64.Build.0 = Release|Any CPU
		{DC80EB20-088B-4852-B705-30CABD951D4A}.Release|x86.ActiveCfg = Release|Any CPU
		{DC80EB20-088B-4852-B705-30CABD951D4A}.Release|x86.Build.0 = Release|Any CPU
		{4E69C6E4-95DD-4C36-A362-6312C102407B}.Debug|Any CPU.ActiveCfg = Debug|Any CPU
		{4E69C6E4-95DD-4C36-A362-6312C102407B}.Debug|Any CPU.Build.0 = Debug|Any CPU
		{4E69C6E4-95DD-4C36-A362-6312C102407B}.Debug|x64.ActiveCfg = Debug|Any CPU
		{4E69C6E4-95DD-4C36-A362-6312C102407B}.Debug|x64.Build.0 = Debug|Any CPU
		{4E69C6E4-95DD-4C36-A362-6312C102407B}.Debug|x86.ActiveCfg = Debug|Any CPU
		{4E69C6E4-95DD-4C36-A362-6312C102407B}.Debug|x86.Build.0 = Debug|Any CPU
		{4E69C6E4-95DD-4C36-A362-6312C102407B}.Release|Any CPU.ActiveCfg = Release|Any CPU
		{4E69C6E4-95DD-4C36-A362-6312C102407B}.Release|Any CPU.Build.0 = Release|Any CPU
		{4E69C6E4-95DD-4C36-A362-6312C102407B}.Release|x64.ActiveCfg = Release|Any CPU
		{4E69C6E4-95DD-4C36-A362-6312C102407B}.Release|x64.Build.0 = Release|Any CPU
		{4E69C6E4-95DD-4C36-A362-6312C102407B}.Release|x86.ActiveCfg = Release|Any CPU
		{4E69C6E4-95DD-4C36-A362-6312C102407B}.Release|x86.Build.0 = Release|Any CPU
		{5BF75587-90BC-49E7-99D9-5A8E2456DD8D}.Debug|Any CPU.ActiveCfg = Debug|Any CPU
		{5BF75587-90BC-49E7-99D9-5A8E2456DD8D}.Debug|Any CPU.Build.0 = Debug|Any CPU
		{5BF75587-90BC-49E7-99D9-5A8E2456DD8D}.Debug|x64.ActiveCfg = Debug|Any CPU
		{5BF75587-90BC-49E7-99D9-5A8E2456DD8D}.Debug|x64.Build.0 = Debug|Any CPU
		{5BF75587-90BC-49E7-99D9-5A8E2456DD8D}.Debug|x86.ActiveCfg = Debug|Any CPU
		{5BF75587-90BC-49E7-99D9-5A8E2456DD8D}.Debug|x86.Build.0 = Debug|Any CPU
		{5BF75587-90BC-49E7-99D9-5A8E2456DD8D}.Release|Any CPU.ActiveCfg = Release|Any CPU
		{5BF75587-90BC-49E7-99D9-5A8E2456DD8D}.Release|Any CPU.Build.0 = Release|Any CPU
		{5BF75587-90BC-49E7-99D9-5A8E2456DD8D}.Release|x64.ActiveCfg = Release|Any CPU
		{5BF75587-90BC-49E7-99D9-5A8E2456DD8D}.Release|x64.Build.0 = Release|Any CPU
		{5BF75587-90BC-49E7-99D9-5A8E2456DD8D}.Release|x86.ActiveCfg = Release|Any CPU
		{5BF75587-90BC-49E7-99D9-5A8E2456DD8D}.Release|x86.Build.0 = Release|Any CPU
		{9A182E72-70B5-48F1-9DE0-DEE12075797C}.Debug|Any CPU.ActiveCfg = Debug|Any CPU
		{9A182E72-70B5-48F1-9DE0-DEE12075797C}.Debug|Any CPU.Build.0 = Debug|Any CPU
		{9A182E72-70B5-48F1-9DE0-DEE12075797C}.Debug|x64.ActiveCfg = Debug|Any CPU
		{9A182E72-70B5-48F1-9DE0-DEE12075797C}.Debug|x64.Build.0 = Debug|Any CPU
		{9A182E72-70B5-48F1-9DE0-DEE12075797C}.Debug|x86.ActiveCfg = Debug|Any CPU
		{9A182E72-70B5-48F1-9DE0-DEE12075797C}.Debug|x86.Build.0 = Debug|Any CPU
		{9A182E72-70B5-48F1-9DE0-DEE12075797C}.Release|Any CPU.ActiveCfg = Release|Any CPU
		{9A182E72-70B5-48F1-9DE0-DEE12075797C}.Release|Any CPU.Build.0 = Release|Any CPU
		{9A182E72-70B5-48F1-9DE0-DEE12075797C}.Release|x64.ActiveCfg = Release|Any CPU
		{9A182E72-70B5-48F1-9DE0-DEE12075797C}.Release|x64.Build.0 = Release|Any CPU
		{9A182E72-70B5-48F1-9DE0-DEE12075797C}.Release|x86.ActiveCfg = Release|Any CPU
		{9A182E72-70B5-48F1-9DE0-DEE12075797C}.Release|x86.Build.0 = Release|Any CPU
	EndGlobalSection
EndGlobal
